github.com/JeeShao/dependence v1.0.0 h1:t4nr603e45uu2eSNY/yjqGz4Qn8COn8CGp/u2PvVnBA=
github.com/JeeShao/dependence v1.0.0/go.mod h1:VvVfujxTtVbFaYZlueNUxIILpqDQvFzwNyvYESthhhk=
github.com/pkg/errors v0.9.1 h1:FEBLx1zS214owpjy7qsBeixbURkuhQAwrK5UwLGTwt4=
github.com/pkg/errors v0.9.1/go.mod h1:bwawxfHBFNV+L2hUp1rHADufV3IMtnDRdf1r5NINEl0=
